// !$*UTF8*$!
{
	archiveVersion = 1;
	classes = {
	};
	objectVersion = 46;
	objects = {

/* Begin PBXBuildFile section */
		EA81A2E41BB7CB800088A02D /* viewhheh.m in Sources */ = {isa = PBXBuildFile; fileRef = EA81A2E31BB7CB800088A02D /* viewhheh.m */; };
		EAA2EA751BB64D3400422C42 /* main.m in Sources */ = {isa = PBXBuildFile; fileRef = EAA2EA741BB64D3400422C42 /* main.m */; };
		EAA2EA781BB64D3400422C42 /* AppDelegate.m in Sources */ = {isa = PBXBuildFile; fileRef = EAA2EA771BB64D3400422C42 /* AppDelegate.m */; };
		EAA2EA7B1BB64D3400422C42 /* ViewController.m in Sources */ = {isa = PBXBuildFile; fileRef = EAA2EA7A1BB64D3400422C42 /* ViewController.m */; };
		EAA2EA7E1BB64D3400422C42 /* Main.storyboard in Resources */ = {isa = PBXBuildFile; fileRef = EAA2EA7C1BB64D3400422C42 /* Main.storyboard */; };
		EAA2EA801BB64D3400422C42 /* Images.xcassets in Resources */ = {isa = PBXBuildFile; fileRef = EAA2EA7F1BB64D3400422C42 /* Images.xcassets */; };
		EAA2EA831BB64D3400422C42 /* LaunchScreen.xib in Resources */ = {isa = PBXBuildFile; fileRef = EAA2EA811BB64D3400422C42 /* LaunchScreen.xib */; };
		EAA2EA8F1BB64D3400422C42 /* XDQRCodeTests.m in Sources */ = {isa = PBXBuildFile; fileRef = EAA2EA8E1BB64D3400422C42 /* XDQRCodeTests.m */; };
		EAA2EACC1BB6594000422C42 /* XDScaningViewController.m in Sources */ = {isa = PBXBuildFile; fileRef = EAA2EACB1BB6594000422C42 /* XDScaningViewController.m */; };
		EAA77C361BBACA7000F03A8F /* light_off.png in Resources */ = {isa = PBXBuildFile; fileRef = EAA77C341BBACA7000F03A8F /* light_off.png */; };
		EAA77C371BBACA7000F03A8F /* light_on.png in Resources */ = {isa = PBXBuildFile; fileRef = EAA77C351BBACA7000F03A8F /* light_on.png */; };
		EAA77C391BBACA8700F03A8F /* history.png in Resources */ = {isa = PBXBuildFile; fileRef = EAA77C381BBACA8700F03A8F /* history.png */; };
		EAA77C3D1BBACAC000F03A8F /* xiangce.png in Resources */ = {isa = PBXBuildFile; fileRef = EAA77C3C1BBACAC000F03A8F /* xiangce.png */; };
		EAA77C3F1BBACE9500F03A8F /* back.png in Resources */ = {isa = PBXBuildFile; fileRef = EAA77C3E1BBACE9500F03A8F /* back.png */; };
/* End PBXBuildFile section */

/* Begin PBXContainerItemProxy section */
		EAA2EA891BB64D3400422C42 /* PBXContainerItemProxy */ = {
			isa = PBXContainerItemProxy;
			containerPortal = EAA2EA671BB64D3300422C42 /* Project object */;
			proxyType = 1;
			remoteGlobalIDString = EAA2EA6E1BB64D3400422C42;
			remoteInfo = XDQRCode;
		};
/* End PBXContainerItemProxy section */

/* Begin PBXFileReference section */
		EA81A2E21BB7CB800088A02D /* viewhheh.h */ = {isa = PBXFileReference; fileEncoding = 4; lastKnownFileType = sourcecode.c.h; path = viewhheh.h; sourceTree = "<group>"; };
		EA81A2E31BB7CB800088A02D /* viewhheh.m */ = {isa = PBXFileReference; fileEncoding = 4; lastKnownFileType = sourcecode.c.objc; path = viewhheh.m; sourceTree = "<group>"; };
		EA81A2E51BB7D3760088A02D /* Config.h */ = {isa = PBXFileReference; lastKnownFileType = sourcecode.c.h; path = Config.h; sourceTree = "<group>"; };
		EAA2EA6F1BB64D3400422C42 /* XDQRCode.app */ = {isa = PBXFileReference; explicitFileType = wrapper.application; includeInIndex = 0; path = XDQRCode.app; sourceTree = BUILT_PRODUCTS_DIR; };
		EAA2EA731BB64D3400422C42 /* Info.plist */ = {isa = PBXFileReference; lastKnownFileType = text.plist.xml; path = Info.plist; sourceTree = "<group>"; };
		EAA2EA741BB64D3400422C42 /* main.m */ = {isa = PBXFileReference; lastKnownFileType = sourcecode.c.objc; path = main.m; sourceTree = "<group>"; };
		EAA2EA761BB64D3400422C42 /* AppDelegate.h */ = {isa = PBXFileReference; lastKnownFileType = sourcecode.c.h; path = AppDelegate.h; sourceTree = "<group>"; };
		EAA2EA771BB64D3400422C42 /* AppDelegate.m */ = {isa = PBXFileReference; lastKnownFileType = sourcecode.c.objc; path = AppDelegate.m; sourceTree = "<group>"; };
		EAA2EA791BB64D3400422C42 /* ViewController.h */ = {isa = PBXFileReference; lastKnownFileType = sourcecode.c.h; path = ViewController.h; sourceTree = "<group>"; };
		EAA2EA7A1BB64D3400422C42 /* ViewController.m */ = {isa = PBXFileReference; lastKnownFileType = sourcecode.c.objc; path = ViewController.m; sourceTree = "<group>"; };
		EAA2EA7D1BB64D3400422C42 /* Base */ = {isa = PBXFileReference; lastKnownFileType = file.storyboard; name = Base; path = Base.lproj/Main.storyboard; sourceTree = "<group>"; };
		EAA2EA7F1BB64D3400422C42 /* Images.xcassets */ = {isa = PBXFileReference; lastKnownFileType = folder.assetcatalog; path = Images.xcassets; sourceTree = "<group>"; };
		EAA2EA821BB64D3400422C42 /* Base */ = {isa = PBXFileReference; lastKnownFileType = file.xib; name = Base; path = Base.lproj/LaunchScreen.xib; sourceTree = "<group>"; };
		EAA2EA881BB64D3400422C42 /* XDQRCodeTests.xctest */ = {isa = PBXFileReference; explicitFileType = wrapper.cfbundle; includeInIndex = 0; path = XDQRCodeTests.xctest; sourceTree = BUILT_PRODUCTS_DIR; };
		EAA2EA8D1BB64D3400422C42 /* Info.plist */ = {isa = PBXFileReference; lastKnownFileType = text.plist.xml; path = Info.plist; sourceTree = "<group>"; };
		EAA2EA8E1BB64D3400422C42 /* XDQRCodeTests.m */ = {isa = PBXFileReference; lastKnownFileType = sourcecode.c.objc; path = XDQRCodeTests.m; sourceTree = "<group>"; };
		EAA2EACA1BB6594000422C42 /* XDScaningViewController.h */ = {isa = PBXFileReference; fileEncoding = 4; lastKnownFileType = sourcecode.c.h; path = XDScaningViewController.h; sourceTree = "<group>"; };
		EAA2EACB1BB6594000422C42 /* XDScaningViewController.m */ = {isa = PBXFileReference; fileEncoding = 4; lastKnownFileType = sourcecode.c.objc; path = XDScaningViewController.m; sourceTree = "<group>"; };
		EAA77C341BBACA7000F03A8F /* light_off.png */ = {isa = PBXFileReference; lastKnownFileType = image.png; path = light_off.png; sourceTree = "<group>"; };
		EAA77C351BBACA7000F03A8F /* light_on.png */ = {isa = PBXFileReference; lastKnownFileType = image.png; path = light_on.png; sourceTree = "<group>"; };
		EAA77C381BBACA8700F03A8F /* history.png */ = {isa = PBXFileReference; lastKnownFileType = image.png; path = history.png; sourceTree = "<group>"; };
		EAA77C3C1BBACAC000F03A8F /* xiangce.png */ = {isa = PBXFileReference; lastKnownFileType = image.png; path = xiangce.png; sourceTree = "<group>"; };
		EAA77C3E1BBACE9500F03A8F /* back.png */ = {isa = PBXFileReference; lastKnownFileType = image.png; path = back.png; sourceTree = "<group>"; };
/* End PBXFileReference section */

/* Begin PBXFrameworksBuildPhase section */
		EAA2EA6C1BB64D3400422C42 /* Frameworks */ = {
			isa = PBXFrameworksBuildPhase;
			buildActionMask = 2147483647;
			files = (
			);
			runOnlyForDeploymentPostprocessing = 0;
		};
		EAA2EA851BB64D3400422C42 /* Frameworks */ = {
			isa = PBXFrameworksBuildPhase;
			buildActionMask = 2147483647;
			files = (
			);
			runOnlyForDeploymentPostprocessing = 0;
		};
/* End PBXFrameworksBuildPhase section */

/* Begin PBXGroup section */
		EAA2EA661BB64D3300422C42 = {
			isa = PBXGroup;
			children = (
				EAA2EA711BB64D3400422C42 /* XDQRCode */,
				EAA2EA8B1BB64D3400422C42 /* XDQRCodeTests */,
				EAA2EA701BB64D3400422C42 /* Products */,
			);
			sourceTree = "<group>";
		};
		EAA2EA701BB64D3400422C42 /* Products */ = {
			isa = PBXGroup;
			children = (
				EAA2EA6F1BB64D3400422C42 /* XDQRCode.app */,
				EAA2EA881BB64D3400422C42 /* XDQRCodeTests.xctest */,
			);
			name = Products;
			sourceTree = "<group>";
		};
		EAA2EA711BB64D3400422C42 /* XDQRCode */ = {
			isa = PBXGroup;
			children = (
				EAA77C331BBACA5500F03A8F /* resource */,
				EAA2EA761BB64D3400422C42 /* AppDelegate.h */,
				EAA2EA771BB64D3400422C42 /* AppDelegate.m */,
				EAA2EA791BB64D3400422C42 /* ViewController.h */,
				EAA2EA7A1BB64D3400422C42 /* ViewController.m */,
				EAA2EACA1BB6594000422C42 /* XDScaningViewController.h */,
				EAA2EACB1BB6594000422C42 /* XDScaningViewController.m */,
				EA81A2E51BB7D3760088A02D /* Config.h */,
				EA81A2E21BB7CB800088A02D /* viewhheh.h */,
				EA81A2E31BB7CB800088A02D /* viewhheh.m */,
				EAA2EA7C1BB64D3400422C42 /* Main.storyboard */,
				EAA2EA7F1BB64D3400422C42 /* Images.xcassets */,
				EAA2EA811BB64D3400422C42 /* LaunchScreen.xib */,
				EAA2EA721BB64D3400422C42 /* Supporting Files */,
			);
			path = XDQRCode;
			sourceTree = "<group>";
		};
		EAA2EA721BB64D3400422C42 /* Supporting Files */ = {
			isa = PBXGroup;
			children = (
				EAA2EA731BB64D3400422C42 /* Info.plist */,
				EAA2EA741BB64D3400422C42 /* main.m */,
			);
			name = "Supporting Files";
			sourceTree = "<group>";
		};
		EAA2EA8B1BB64D3400422C42 /* XDQRCodeTests */ = {
			isa = PBXGroup;
			children = (
				EAA2EA8E1BB64D3400422C42 /* XDQRCodeTests.m */,
				EAA2EA8C1BB64D3400422C42 /* Supporting Files */,
			);
			path = XDQRCodeTests;
			sourceTree = "<group>";
		};
		EAA2EA8C1BB64D3400422C42 /* Supporting Files */ = {
			isa = PBXGroup;
			children = (
				EAA2EA8D1BB64D3400422C42 /* Info.plist */,
			);
			name = "Supporting Files";
			sourceTree = "<group>";
		};
		EAA77C331BBACA5500F03A8F /* resource */ = {
			isa = PBXGroup;
			children = (
				EAA77C3E1BBACE9500F03A8F /* back.png */,
				EAA77C381BBACA8700F03A8F /* history.png */,
				EAA77C3C1BBACAC000F03A8F /* xiangce.png */,
				EAA77C341BBACA7000F03A8F /* light_off.png */,
				EAA77C351BBACA7000F03A8F /* light_on.png */,
			);
			path = resource;
			sourceTree = "<group>";
		};
/* End PBXGroup section */

/* Begin PBXNativeTarget section */
		EAA2EA6E1BB64D3400422C42 /* XDQRCode */ = {
			isa = PBXNativeTarget;
			buildConfigurationList = EAA2EA921BB64D3400422C42 /* Build configuration list for PBXNativeTarget "XDQRCode" */;
			buildPhases = (
				EAA2EA6B1BB64D3400422C42 /* Sources */,
				EAA2EA6C1BB64D3400422C42 /* Frameworks */,
				EAA2EA6D1BB64D3400422C42 /* Resources */,
			);
			buildRules = (
			);
			dependencies = (
			);
			name = XDQRCode;
			productName = XDQRCode;
			productReference = EAA2EA6F1BB64D3400422C42 /* XDQRCode.app */;
			productType = "com.apple.product-type.application";
		};
		EAA2EA871BB64D3400422C42 /* XDQRCodeTests */ = {
			isa = PBXNativeTarget;
			buildConfigurationList = EAA2EA951BB64D3400422C42 /* Build configuration list for PBXNativeTarget "XDQRCodeTests" */;
			buildPhases = (
				EAA2EA841BB64D3400422C42 /* Sources */,
				EAA2EA851BB64D3400422C42 /* Frameworks */,
				EAA2EA861BB64D3400422C42 /* Resources */,
			);
			buildRules = (
			);
			dependencies = (
				EAA2EA8A1BB64D3400422C42 /* PBXTargetDependency */,
			);
			name = XDQRCodeTests;
			productName = XDQRCodeTests;
			productReference = EAA2EA881BB64D3400422C42 /* XDQRCodeTests.xctest */;
			productType = "com.apple.product-type.bundle.unit-test";
		};
/* End PBXNativeTarget section */

/* Begin PBXProject section */
		EAA2EA671BB64D3300422C42 /* Project object */ = {
			isa = PBXProject;
			attributes = {
				LastUpgradeCheck = 0640;
				ORGANIZATIONNAME = DINGYONGGANG;
				TargetAttributes = {
					EAA2EA6E1BB64D3400422C42 = {
						CreatedOnToolsVersion = 6.4;
					};
					EAA2EA871BB64D3400422C42 = {
						CreatedOnToolsVersion = 6.4;
						TestTargetID = EAA2EA6E1BB64D3400422C42;
					};
				};
			};
			buildConfigurationList = EAA2EA6A1BB64D3300422C42 /* Build configuration list for PBXProject "XDQRCode" */;
			compatibilityVersion = "Xcode 3.2";
			developmentRegion = English;
			hasScannedForEncodings = 0;
			knownRegions = (
				en,
				Base,
			);
			mainGroup = EAA2EA661BB64D3300422C42;
			productRefGroup = EAA2EA701BB64D3400422C42 /* Products */;
			projectDirPath = "";
			projectRoot = "";
			targets = (
				EAA2EA6E1BB64D3400422C42 /* XDQRCode */,
				EAA2EA871BB64D3400422C42 /* XDQRCodeTests */,
			);
		};
/* End PBXProject section */

/* Begin PBXResourcesBuildPhase section */
		EAA2EA6D1BB64D3400422C42 /* Resources */ = {
			isa = PBXResourcesBuildPhase;
			buildActionMask = 2147483647;
			files = (
				EAA2EA7E1BB64D3400422C42 /* Main.storyboard in Resources */,
				EAA2EA831BB64D3400422C42 /* LaunchScreen.xib in Resources */,
				EAA77C3F1BBACE9500F03A8F /* back.png in Resources */,
				EAA77C371BBACA7000F03A8F /* light_on.png in Resources */,
				EAA77C391BBACA8700F03A8F /* history.png in Resources */,
				EAA77C361BBACA7000F03A8F /* light_off.png in Resources */,
				EAA77C3D1BBACAC000F03A8F /* xiangce.png in Resources */,
				EAA2EA801BB64D3400422C42 /* Images.xcassets in Resources */,
			);
			runOnlyForDeploymentPostprocessing = 0;
		};
		EAA2EA861BB64D3400422C42 /* Resources */ = {
			isa = PBXResourcesBuildPhase;
			buildActionMask = 2147483647;
			files = (
			);
			runOnlyForDeploymentPostprocessing = 0;
		};
/* End PBXResourcesBuildPhase section */

/* Begin PBXSourcesBuildPhase section */
		EAA2EA6B1BB64D3400422C42 /* Sources */ = {
			isa = PBXSourcesBuildPhase;
			buildActionMask = 2147483647;
			files = (
				EAA2EA7B1BB64D3400422C42 /* ViewController.m in Sources */,
				EAA2EA781BB64D3400422C42 /* AppDelegate.m in Sources */,
				EAA2EACC1BB6594000422C42 /* XDScaningViewController.m in Sources */,
				EA81A2E41BB7CB800088A02D /* viewhheh.m in Sources */,
				EAA2EA751BB64D3400422C42 /* main.m in Sources */,
			);
			runOnlyForDeploymentPostprocessing = 0;
		};
		EAA2EA841BB64D3400422C42 /* Sources */ = {
			isa = PBXSourcesBuildPhase;
			buildActionMask = 2147483647;
			files = (
				EAA2EA8F1BB64D3400422C42 /* XDQRCodeTests.m in Sources */,
			);
			runOnlyForDeploymentPostprocessing = 0;
		};
/* End PBXSourcesBuildPhase section */

/* Begin PBXTargetDependency section */
		EAA2EA8A1BB64D3400422C42 /* PBXTargetDependency */ = {
			isa = PBXTargetDependency;
			target = EAA2EA6E1BB64D3400422C42 /* XDQRCode */;
			targetProxy = EAA2EA891BB64D3400422C42 /* PBXContainerItemProxy */;
		};
/* End PBXTargetDependency section */

/* Begin PBXVariantGroup section */
		EAA2EA7C1BB64D3400422C42 /* Main.storyboard */ = {
			isa = PBXVariantGroup;
			children = (
				EAA2EA7D1BB64D3400422C42 /* Base */,
			);
			name = Main.storyboard;
			sourceTree = "<group>";
		};
		EAA2EA811BB64D3400422C42 /* LaunchScreen.xib */ = {
			isa = PBXVariantGroup;
			children = (
				EAA2EA821BB64D3400422C42 /* Base */,
			);
			name = LaunchScreen.xib;
			sourceTree = "<group>";
		};
/* End PBXVariantGroup section */

/* Begin XCBuildConfiguration section */
		EAA2EA901BB64D3400422C42 /* Debug */ = {
			isa = XCBuildConfiguration;
			buildSettings = {
				ALWAYS_SEARCH_USER_PATHS = NO;
				CLANG_CXX_LANGUAGE_STANDARD = "gnu++0x";
				CLANG_CXX_LIBRARY = "libc++";
				CLANG_ENABLE_MODULES = YES;
				CLANG_ENABLE_OBJC_ARC = YES;
				CLANG_WARN_BOOL_CONVERSION = YES;
				CLANG_WARN_CONSTANT_CONVERSION = YES;
				CLANG_WARN_DIRECT_OBJC_ISA_USAGE = YES_ERROR;
				CLANG_WARN_EMPTY_BODY = YES;
				CLANG_WARN_ENUM_CONVERSION = YES;
				CLANG_WARN_INT_CONVERSION = YES;
				CLANG_WARN_OBJC_ROOT_CLASS = YES_ERROR;
				CLANG_WARN_UNREACHABLE_CODE = YES;
				CLANG_WARN__DUPLICATE_METHOD_MATCH = YES;
				"CODE_SIGN_IDENTITY[sdk=iphoneos*]" = "iPhone Developer";
				COPY_PHASE_STRIP = NO;
				DEBUG_INFORMATION_FORMAT = "dwarf-with-dsym";
				ENABLE_STRICT_OBJC_MSGSEND = YES;
				GCC_C_LANGUAGE_STANDARD = gnu99;
				GCC_DYNAMIC_NO_PIC = NO;
				GCC_NO_COMMON_BLOCKS = YES;
				GCC_OPTIMIZATION_LEVEL = 0;
				GCC_PREPROCESSOR_DEFINITIONS = (
					"DEBUG=1",
					"$(inherited)",
				);
				GCC_SYMBOLS_PRIVATE_EXTERN = NO;
				GCC_WARN_64_TO_32_BIT_CONVERSION = YES;
				GCC_WARN_ABOUT_RETURN_TYPE = YES_ERROR;
				GCC_WARN_UNDECLARED_SELECTOR = YES;
				GCC_WARN_UNINITIALIZED_AUTOS = YES_AGGRESSIVE;
				GCC_WARN_UNUSED_FUNCTION = YES;
				GCC_WARN_UNUSED_VARIABLE = YES;
				IPHONEOS_DEPLOYMENT_TARGET = 8.4;
				MTL_ENABLE_DEBUG_INFO = YES;
				ONLY_ACTIVE_ARCH = YES;
				SDKROOT = iphoneos;
				TARGETED_DEVICE_FAMILY = "1,2";
			};
			name = Debug;
		};
		EAA2EA911BB64D3400422C42 /* Release */ = {
			isa = XCBuildConfiguration;
			buildSettings = {
				ALWAYS_SEARCH_USER_PATHS = NO;
				CLANG_CXX_LANGUAGE_STANDARD = "gnu++0x";
				CLANG_CXX_LIBRARY = "libc++";
				CLANG_ENABLE_MODULES = YES;
				CLANG_ENABLE_OBJC_ARC = YES;
				CLANG_WARN_BOOL_CONVERSION = YES;
				CLANG_WARN_CONSTANT_CONVERSION = YES;
				CLANG_WARN_DIRECT_OBJC_ISA_USAGE = YES_ERROR;
				CLANG_WARN_EMPTY_BODY = YES;
				CLANG_WARN_ENUM_CONVERSION = YES;
				CLANG_WARN_INT_CONVERSION = YES;
				CLANG_WARN_OBJC_ROOT_CLASS = YES_ERROR;
				CLANG_WARN_UNREACHABLE_CODE = YES;
				CLANG_WARN__DUPLICATE_METHOD_MATCH = YES;
				"CODE_SIGN_IDENTITY[sdk=iphoneos*]" = "iPhone Developer";
				COPY_PHASE_STRIP = NO;
				DEBUG_INFORMATION_FORMAT = "dwarf-with-dsym";
				ENABLE_NS_ASSERTIONS = NO;
				ENABLE_STRICT_OBJC_MSGSEND = YES;
				GCC_C_LANGUAGE_STANDARD = gnu99;
				GCC_NO_COMMON_BLOCKS = YES;
				GCC_WARN_64_TO_32_BIT_CONVERSION = YES;
				GCC_WARN_ABOUT_RETURN_TYPE = YES_ERROR;
				GCC_WARN_UNDECLARED_SELECTOR = YES;
				GCC_WARN_UNINITIALIZED_AUTOS = YES_AGGRESSIVE;
				GCC_WARN_UNUSED_FUNCTION = YES;
				GCC_WARN_UNUSED_VARIABLE = YES;
				IPHONEOS_DEPLOYMENT_TARGET = 8.4;
				MTL_ENABLE_DEBUG_INFO = NO;
				SDKROOT = iphoneos;
				TARGETED_DEVICE_FAMILY = "1,2";
				VALIDATE_PRODUCT = YES;
			};
			name = Release;
		};
		EAA2EA931BB64D3400422C42 /* Debug */ = {
			isa = XCBuildConfiguration;
			buildSettings = {
				ASSETCATALOG_COMPILER_APPICON_NAME = AppIcon;
				CODE_SIGN_IDENTITY = "iPhone Developer: Qinxian Hou (D3D23E5SLA)";
				INFOPLIST_FILE = XDQRCode/Info.plist;
				IPHONEOS_DEPLOYMENT_TARGET = 7.1;
				LD_RUNPATH_SEARCH_PATHS = "$(inherited) @executable_path/Frameworks";
				PRODUCT_NAME = "$(TARGET_NAME)";
				PROVISIONING_PROFILE = "8e65ba52-120f-4d02-836d-d54f3eeb44ee";
			};
			name = Debug;
		};
		EAA2EA941BB64D3400422C42 /* Release */ = {
			isa = XCBuildConfiguration;
			buildSettings = {
				ASSETCATALOG_COMPILER_APPICON_NAME = AppIcon;
				CODE_SIGN_IDENTITY = "iPhone Developer: Qinxian Hou (D3D23E5SLA)";
				INFOPLIST_FILE = XDQRCode/Info.plist;
				IPHONEOS_DEPLOYMENT_TARGET = 7.1;
				LD_RUNPATH_SEARCH_PATHS = "$(inherited) @executable_path/Frameworks";
				PRODUCT_NAME = "$(TARGET_NAME)";
				PROVISIONING_PROFILE = "8e65ba52-120f-4d02-836d-d54f3eeb44ee";
			};
			name = Release;
		};
		EAA2EA961BB64D3400422C42 /* Debug */ = {
			isa = XCBuildConfiguration;
			buildSettings = {
				BUNDLE_LOADER = "$(TEST_HOST)";
				FRAMEWORK_SEARCH_PATHS = (
					"$(SDKROOT)/Developer/Library/Frameworks",
					"$(inherited)",
				);
				GCC_PREPROCESSOR_DEFINITIONS = (
					"DEBUG=1",
					"$(inherited)",
				);
				INFOPLIST_FILE = XDQRCodeTests/Info.plist;
				LD_RUNPATH_SEARCH_PATHS = "$(inherited) @executable_path/Frameworks @loader_path/Frameworks";
				PRODUCT_NAME = "$(TARGET_NAME)";
				TEST_HOST = "$(BUILT_PRODUCTS_DIR)/XDQRCode.app/XDQRCode";
			};
			name = Debug;
		};
		EAA2EA971BB64D3400422C42 /* Release */ = {
			isa = XCBuildConfiguration;
			buildSettings = {
				BUNDLE_LOADER = "$(TEST_HOST)";
				FRAMEWORK_SEARCH_PATHS = (
					"$(SDKROOT)/Developer/Library/Frameworks",
					"$(inherited)",
				);
				INFOPLIST_FILE = XDQRCodeTests/Info.plist;
				LD_RUNPATH_SEARCH_PATHS = "$(inherited) @executable_path/Frameworks @loader_path/Frameworks";
				PRODUCT_NAME = "$(TARGET_NAME)";
				TEST_HOST = "$(BUILT_PRODUCTS_DIR)/XDQRCode.app/XDQRCode";
			};
			name = Release;
		};
/* End XCBuildConfiguration section */

/* Begin XCConfigurationList section */
		EAA2EA6A1BB64D3300422C42 /* Build configuration list for PBXProject "XDQRCode" */ = {
			isa = XCConfigurationList;
			buildConfigurations = (
				EAA2EA901BB64D3400422C42 /* Debug */,
				EAA2EA911BB64D3400422C42 /* Release */,
			);
			defaultConfigurationIsVisible = 0;
			defaultConfigurationName = Release;
		};
		EAA2EA921BB64D3400422C42 /* Build configuration list for PBXNativeTarget "XDQRCode" */ = {
			isa = XCConfigurationList;
			buildConfigurations = (
				EAA2EA931BB64D3400422C42 /* Debug */,
				EAA2EA941BB64D3400422C42 /* Release */,
			);
			defaultConfigurationIsVisible = 0;
			defaultConfigurationName = Release;
		};
		EAA2EA951BB64D3400422C42 /* Build configuration list for PBXNativeTarget "XDQRCodeTests" */ = {
			isa = XCConfigurationList;
			buildConfigurations = (
				EAA2EA961BB64D3400422C42 /* Debug */,
				EAA2EA971BB64D3400422C42 /* Release */,
			);
			defaultConfigurationIsVisible = 0;
			defaultConfigurationName = Release;
		};
/* End XCConfigurationList section */
	};
	rootObject = EAA2EA671BB64D3300422C42 /* Project object */;
}
